
Microsoft Visual Studio Solution File, Format Version 12.00
# Visual Studio Version 16
VisualStudioVersion = 16.0.29519.87
MinimumVisualStudioVersion = 10.0.40219.1
Project("{FAE04EC0-301F-11D3-BF4B-00C04F79EFBC}") = "Notes.Android", "Notes\Notes.Android\Notes.Android.csproj", "{6C144144-8394-4588-8DBE-0EB10834EECD}"
EndProject
Project("{FAE04EC0-301F-11D3-BF4B-00C04F79EFBC}") = "Notes.iOS", "Notes\Notes.iOS\Notes.iOS.csproj", "{B00119C4-BAF4-4891-9639-1769920F5B87}"
EndProject
Project("{FAE04EC0-301F-11D3-BF4B-00C04F79EFBC}") = "Notes", "Notes\Notes\Notes.csproj", "{BCF57C68-D0F4-48CD-B5C1-2D431E518DF1}"
EndProject
Global
	GlobalSection(SolutionConfigurationPlatforms) = preSolution
		Debug|Any CPU = Debug|Any CPU
		Debug|iPhone = Debug|iPhone
		Debug|iPhoneSimulator = Debug|iPhoneSimulator
		Release|Any CPU = Release|Any CPU
		Release|iPhone = Release|iPhone
		Release|iPhoneSimulator = Release|iPhoneSimulator
	EndGlobalSection
	GlobalSection(ProjectConfigurationPlatforms) = postSolution
		{6C144144-8394-4588-8DBE-0EB10834EECD}.Debug|Any CPU.ActiveCfg = Debug|Any CPU
		{6C144144-8394-4588-8DBE-0EB10834EECD}.Debug|Any CPU.Build.0 = Debug|Any CPU
		{6C144144-8394-4588-8DBE-0EB10834EECD}.Debug|Any CPU.Deploy.0 = Debug|Any CPU
		{6C144144-8394-4588-8DBE-0EB10834EECD}.Debug|iPhone.ActiveCfg = Debug|Any CPU
		{6C144144-8394-4588-8DBE-0EB10834EECD}.Debug|iPhone.Build.0 = Debug|Any CPU
		{6C144144-8394-4588-8DBE-0EB10834EECD}.Debug|iPhone.Deploy.0 = Debug|Any CPU
		{6C144144-8394-4588-8DBE-0EB10834EECD}.Debug|iPhoneSimulator.ActiveCfg = Debug|Any CPU
		{6C144144-8394-4588-8DBE-0EB10834EECD}.Debug|iPhoneSimulator.Build.0 = Debug|Any CPU
		{6C144144-8394-4588-8DBE-0EB10834EECD}.Debug|iPhoneSimulator.Deploy.0 = Debug|Any CPU
		{6C144144-8394-4588-8DBE-0EB10834EECD}.Release|Any CPU.ActiveCfg = Release|Any CPU
		{6C144144-8394-4588-8DBE-0EB10834EECD}.Release|Any CPU.Build.0 = Release|Any CPU
		{6C144144-8394-4588-8DBE-0EB10834EECD}.Release|Any CPU.Deploy.0 = Release|Any CPU
		{6C144144-8394-4588-8DBE-0EB10834EECD}.Release|iPhone.ActiveCfg = Release|Any CPU
		{6C144144-8394-4588-8DBE-0EB10834EECD}.Release|iPhone.Build.0 = Release|Any CPU
		{6C144144-8394-4588-8DBE-0EB10834EECD}.Release|iPhone.Deploy.0 = Release|Any CPU
		{6C144144-8394-4588-8DBE-0EB10834EECD}.Release|iPhoneSimulator.ActiveCfg = Release|Any CPU
		{6C144144-8394-4588-8DBE-0EB10834EECD}.Release|iPhoneSimulator.Build.0 = Release|Any CPU
		{6C144144-8394-4588-8DBE-0EB10834EECD}.Release|iPhoneSimulator.Deploy.0 = Release|Any CPU
		{B00119C4-BAF4-4891-9639-1769920F5B87}.Debug|Any CPU.ActiveCfg = Debug|iPhoneSimulator
		{B00119C4-BAF4-4891-9639-1769920F5B87}.Debug|Any CPU.Build.0 = Debug|iPhoneSimulator
		{B00119C4-BAF4-4891-9639-1769920F5B87}.Debug|Any CPU.Deploy.0 = Debug|iPhoneSimulator
		{B00119C4-BAF4-4891-9639-1769920F5B87}.Debug|iPhone.ActiveCfg = Debug|iPhone
		{B00119C4-BAF4-4891-9639-1769920F5B87}.Debug|iPhone.Build.0 = Debug|iPhone
		{B00119C4-BAF4-4891-9639-1769920F5B87}.Debug|iPhone.Deploy.0 = Debug|iPhone
		{B00119C4-BAF4-4891-9639-1769920F5B87}.Debug|iPhoneSimulator.ActiveCfg = Debug|iPhoneSimulator
		{B00119C4-BAF4-4891-9639-1769920F5B87}.Debug|iPhoneSimulator.Build.0 = Debug|iPhoneSimulator
		{B00119C4-BAF4-4891-9639-1769920F5B87}.Debug|iPhoneSimulator.Deploy.0 = Debug|iPhoneSimulator
		{B00119C4-BAF4-4891-9639-1769920F5B87}.Release|Any CPU.ActiveCfg = Release|iPhone
		{B00119C4-BAF4-4891-9639-1769920F5B87}.Release|Any CPU.Build.0 = Release|iPhone
		{B00119C4-BAF4-4891-9639-1769920F5B87}.Release|Any CPU.Deploy.0 = Release|iPhone
		{B00119C4-BAF4-4891-9639-1769920F5B87}.Release|iPhone.ActiveCfg = Release|iPhone
		{B00119C4-BAF4-4891-9639-1769920F5B87}.Release|iPhone.Build.0 = Release|iPhone
		{B00119C4-BAF4-4891-9639-1769920F5B87}.Release|iPhone.Deploy.0 = Release|iPhone
		{B00119C4-BAF4-4891-9639-1769920F5B87}.Release|iPhoneSimulator.ActiveCfg = Release|iPhoneSimulator
		{B00119C4-BAF4-4891-9639-1769920F5B87}.Release|iPhoneSimulator.Build.0 = Release|iPhoneSimulator
		{B00119C4-BAF4-4891-9639-1769920F5B87}.Release|iPhoneSimulator.Deploy.0 = Release|iPhoneSimulator
		{BCF57C68-D0F4-48CD-B5C1-2D431E518DF1}.Debug|Any CPU.ActiveCfg = Debug|Any CPU
		{BCF57C68-D0F4-48CD-B5C1-2D431E518DF1}.Debug|Any CPU.Build.0 = Debug|Any CPU
		{BCF57C68-D0F4-48CD-B5C1-2D431E518DF1}.Debug|Any CPU.Deploy.0 = Debug|Any CPU
		{BCF57C68-D0F4-48CD-B5C1-2D431E518DF1}.Debug|iPhone.ActiveCfg = Debug|Any CPU
		{BCF57C68-D0F4-48CD-B5C1-2D431E518DF1}.Debug|iPhone.Build.0 = Debug|Any CPU
		{BCF57C68-D0F4-48CD-B5C1-2D431E518DF1}.Debug|iPhone.Deploy.0 = Debug|Any CPU
		{BCF57C68-D0F4-48CD-B5C1-2D431E518DF1}.Debug|iPhoneSimulator.ActiveCfg = Debug|Any CPU
		{BCF57C68-D0F4-48CD-B5C1-2D431E518DF1}.Debug|iPhoneSimulator.Build.0 = Debug|Any CPU
		{BCF57C68-D0F4-48CD-B5C1-2D431E518DF1}.Debug|iPhoneSimulator.Deploy.0 = Debug|Any CPU
		{BCF57C68-D0F4-48CD-B5C1-2D431E518DF1}.Release|Any CPU.ActiveCfg = Release|Any CPU
		{BCF57C68-D0F4-48CD-B5C1-2D431E518DF1}.Release|Any CPU.Build.0 = Release|Any CPU
		{BCF57C68-D0F4-48CD-B5C1-2D431E518DF1}.Release|Any CPU.Deploy.0 = Release|Any CPU
		{BCF57C68-D0F4-48CD-B5C1-2D431E518DF1}.Release|iPhone.ActiveCfg = Release|Any CPU
		{BCF57C68-D0F4-48CD-B5C1-2D431E518DF1}.Release|iPhone.Build.0 = Release|Any CPU
		{BCF57C68-D0F4-48CD-B5C1-2D431E518DF1}.Release|iPhone.Deploy.0 = Release|Any CPU
		{BCF57C68-D0F4-48CD-B5C1-2D431E518DF1}.Release|iPhoneSimulator.ActiveCfg = Release|Any CPU
		{BCF57C68-D0F4-48CD-B5C1-2D431E518DF1}.Release|iPhoneSimulator.Build.0 = Release|Any CPU
		{BCF57C68-D0F4-48CD-B5C1-2D431E518DF1}.Release|iPhoneSimulator.Deploy.0 = Release|Any CPU
	EndGlobalSection
	GlobalSection(SolutionProperties) = preSolution
		HideSolutionNode = FALSE
	EndGlobalSection
	GlobalSection(ExtensibilityGlobals) = postSolution
		SolutionGuid = {D50DB8ED-68D4-4DAC-A939-DD91191BA732}
	EndGlobalSection
EndGlobal
